// !$*UTF8*$!
{
	archiveVersion = 1;
	classes = {
	};
	objectVersion = 46;
	objects = {

/* Begin PBXBuildFile section */
		0CD80A601B4F220C006A6EBC /* main.m in Sources */ = {isa = PBXBuildFile; fileRef = 0CD80A5F1B4F220C006A6EBC /* main.m */; };
		0CD80A631B4F220C006A6EBC /* AppDelegate.m in Sources */ = {isa = PBXBuildFile; fileRef = 0CD80A621B4F220C006A6EBC /* AppDelegate.m */; };
		0CD80A661B4F220C006A6EBC /* ViewController.m in Sources */ = {isa = PBXBuildFile; fileRef = 0CD80A651B4F220C006A6EBC /* ViewController.m */; };
		0CD80A691B4F220C006A6EBC /* Main.storyboard in Resources */ = {isa = PBXBuildFile; fileRef = 0CD80A671B4F220C006A6EBC /* Main.storyboard */; };
		0CD80A6B1B4F220C006A6EBC /* Images.xcassets in Resources */ = {isa = PBXBuildFile; fileRef = 0CD80A6A1B4F220C006A6EBC /* Images.xcassets */; };
		0CD80A6E1B4F220C006A6EBC /* LaunchScreen.xib in Resources */ = {isa = PBXBuildFile; fileRef = 0CD80A6C1B4F220C006A6EBC /* LaunchScreen.xib */; };
		0CD80A7A1B4F220C006A6EBC /* SummitTests.m in Sources */ = {isa = PBXBuildFile; fileRef = 0CD80A791B4F220C006A6EBC /* SummitTests.m */; };
/* End PBXBuildFile section */

/* Begin PBXContainerItemProxy section */
		0CD80A741B4F220C006A6EBC /* PBXContainerItemProxy */ = {
			isa = PBXContainerItemProxy;
			containerPortal = 0CD80A521B4F220C006A6EBC /* Project object */;
			proxyType = 1;
			remoteGlobalIDString = 0CD80A591B4F220C006A6EBC;
			remoteInfo = Summit;
		};
/* End PBXContainerItemProxy section */

/* Begin PBXFileReference section */
		0CD80A5A1B4F220C006A6EBC /* Summit.app */ = {isa = PBXFileReference; explicitFileType = wrapper.application; includeInIndex = 0; path = Summit.app; sourceTree = BUILT_PRODUCTS_DIR; };
		0CD80A5E1B4F220C006A6EBC /* Info.plist */ = {isa = PBXFileReference; lastKnownFileType = text.plist.xml; path = Info.plist; sourceTree = "<group>"; };
		0CD80A5F1B4F220C006A6EBC /* main.m */ = {isa = PBXFileReference; lastKnownFileType = sourcecode.c.objc; path = main.m; sourceTree = "<group>"; };
		0CD80A611B4F220C006A6EBC /* AppDelegate.h */ = {isa = PBXFileReference; lastKnownFileType = sourcecode.c.h; path = AppDelegate.h; sourceTree = "<group>"; };
		0CD80A621B4F220C006A6EBC /* AppDelegate.m */ = {isa = PBXFileReference; lastKnownFileType = sourcecode.c.objc; path = AppDelegate.m; sourceTree = "<group>"; };
		0CD80A641B4F220C006A6EBC /* ViewController.h */ = {isa = PBXFileReference; lastKnownFileType = sourcecode.c.h; path = ViewController.h; sourceTree = "<group>"; };
		0CD80A651B4F220C006A6EBC /* ViewController.m */ = {isa = PBXFileReference; lastKnownFileType = sourcecode.c.objc; path = ViewController.m; sourceTree = "<group>"; };
		0CD80A681B4F220C006A6EBC /* Base */ = {isa = PBXFileReference; lastKnownFileType = file.storyboard; name = Base; path = Base.lproj/Main.storyboard; sourceTree = "<group>"; };
		0CD80A6A1B4F220C006A6EBC /* Images.xcassets */ = {isa = PBXFileReference; lastKnownFileType = folder.assetcatalog; path = Images.xcassets; sourceTree = "<group>"; };
		0CD80A6D1B4F220C006A6EBC /* Base */ = {isa = PBXFileReference; lastKnownFileType = file.xib; name = Base; path = Base.lproj/LaunchScreen.xib; sourceTree = "<group>"; };
		0CD80A731B4F220C006A6EBC /* SummitTests.xctest */ = {isa = PBXFileReference; explicitFileType = wrapper.cfbundle; includeInIndex = 0; path = SummitTests.xctest; sourceTree = BUILT_PRODUCTS_DIR; };
		0CD80A781B4F220C006A6EBC /* Info.plist */ = {isa = PBXFileReference; lastKnownFileType = text.plist.xml; path = Info.plist; sourceTree = "<group>"; };
		0CD80A791B4F220C006A6EBC /* SummitTests.m */ = {isa = PBXFileReference; lastKnownFileType = sourcecode.c.objc; path = SummitTests.m; sourceTree = "<group>"; };
/* End PBXFileReference section */

/* Begin PBXFrameworksBuildPhase section */
		0CD80A571B4F220C006A6EBC /* Frameworks */ = {
			isa = PBXFrameworksBuildPhase;
			buildActionMask = 2147483647;
			files = (
			);
			runOnlyForDeploymentPostprocessing = 0;
		};
		0CD80A701B4F220C006A6EBC /* Frameworks */ = {
			isa = PBXFrameworksBuildPhase;
			buildActionMask = 2147483647;
			files = (
			);
			runOnlyForDeploymentPostprocessing = 0;
		};
/* End PBXFrameworksBuildPhase section */

/* Begin PBXGroup section */
		0CD80A511B4F220C006A6EBC = {
			isa = PBXGroup;
			children = (
				0CD80A5C1B4F220C006A6EBC /* Summit */,
				0CD80A761B4F220C006A6EBC /* SummitTests */,
				0CD80A5B1B4F220C006A6EBC /* Products */,
			);
			sourceTree = "<group>";
		};
		0CD80A5B1B4F220C006A6EBC /* Products */ = {
			isa = PBXGroup;
			children = (
				0CD80A5A1B4F220C006A6EBC /* Summit.app */,
				0CD80A731B4F220C006A6EBC /* SummitTests.xctest */,
			);
			name = Products;
			sourceTree = "<group>";
		};
		0CD80A5C1B4F220C006A6EBC /* Summit */ = {
			isa = PBXGroup;
			children = (
				0CD80A611B4F220C006A6EBC /* AppDelegate.h */,
				0CD80A621B4F220C006A6EBC /* AppDelegate.m */,
				0CD80A641B4F220C006A6EBC /* ViewController.h */,
				0CD80A651B4F220C006A6EBC /* ViewController.m */,
				0CD80A671B4F220C006A6EBC /* Main.storyboard */,
				0CD80A6A1B4F220C006A6EBC /* Images.xcassets */,
				0CD80A6C1B4F220C006A6EBC /* LaunchScreen.xib */,
				0CD80A5D1B4F220C006A6EBC /* Supporting Files */,
			);
			path = Summit;
			sourceTree = "<group>";
		};
		0CD80A5D1B4F220C006A6EBC /* Supporting Files */ = {
			isa = PBXGroup;
			children = (
				0CD80A5E1B4F220C006A6EBC /* Info.plist */,
				0CD80A5F1B4F220C006A6EBC /* main.m */,
			);
			name = "Supporting Files";
			sourceTree = "<group>";
		};
		0CD80A761B4F220C006A6EBC /* SummitTests */ = {
			isa = PBXGroup;
			children = (
				0CD80A791B4F220C006A6EBC /* SummitTests.m */,
				0CD80A771B4F220C006A6EBC /* Supporting Files */,
			);
			path = SummitTests;
			sourceTree = "<group>";
		};
		0CD80A771B4F220C006A6EBC /* Supporting Files */ = {
			isa = PBXGroup;
			children = (
				0CD80A781B4F220C006A6EBC /* Info.plist */,
			);
			name = "Supporting Files";
			sourceTree = "<group>";
		};
/* End PBXGroup section */

/* Begin PBXNativeTarget section */
		0CD80A591B4F220C006A6EBC /* Summit */ = {
			isa = PBXNativeTarget;
			buildConfigurationList = 0CD80A7D1B4F220C006A6EBC /* Build configuration list for PBXNativeTarget "Summit" */;
			buildPhases = (
				0CD80A561B4F220C006A6EBC /* Sources */,
				0CD80A571B4F220C006A6EBC /* Frameworks */,
				0CD80A581B4F220C006A6EBC /* Resources */,
			);
			buildRules = (
			);
			dependencies = (
			);
			name = Summit;
			productName = Summit;
			productReference = 0CD80A5A1B4F220C006A6EBC /* Summit.app */;
			productType = "com.apple.product-type.application";
		};
		0CD80A721B4F220C006A6EBC /* SummitTests */ = {
			isa = PBXNativeTarget;
			buildConfigurationList = 0CD80A801B4F220C006A6EBC /* Build configuration list for PBXNativeTarget "SummitTests" */;
			buildPhases = (
				0CD80A6F1B4F220C006A6EBC /* Sources */,
				0CD80A701B4F220C006A6EBC /* Frameworks */,
				0CD80A711B4F220C006A6EBC /* Resources */,
			);
			buildRules = (
			);
			dependencies = (
				0CD80A751B4F220C006A6EBC /* PBXTargetDependency */,
			);
			name = SummitTests;
			productName = SummitTests;
			productReference = 0CD80A731B4F220C006A6EBC /* SummitTests.xctest */;
			productType = "com.apple.product-type.bundle.unit-test";
		};
/* End PBXNativeTarget section */

/* Begin PBXProject section */
		0CD80A521B4F220C006A6EBC /* Project object */ = {
			isa = PBXProject;
			attributes = {
				LastUpgradeCheck = 0630;
				ORGANIZATIONNAME = "Summit Inc.";
				TargetAttributes = {
					0CD80A591B4F220C006A6EBC = {
						CreatedOnToolsVersion = 6.3.2;
					};
					0CD80A721B4F220C006A6EBC = {
						CreatedOnToolsVersion = 6.3.2;
						TestTargetID = 0CD80A591B4F220C006A6EBC;
					};
				};
			};
			buildConfigurationList = 0CD80A551B4F220C006A6EBC /* Build configuration list for PBXProject "Summit" */;
			compatibilityVersion = "Xcode 3.2";
			developmentRegion = English;
			hasScannedForEncodings = 0;
			knownRegions = (
				en,
				Base,
			);
			mainGroup = 0CD80A511B4F220C006A6EBC;
			productRefGroup = 0CD80A5B1B4F220C006A6EBC /* Products */;
			projectDirPath = "";
			projectRoot = "";
			targets = (
				0CD80A591B4F220C006A6EBC /* Summit */,
				0CD80A721B4F220C006A6EBC /* SummitTests */,
			);
		};
/* End PBXProject section */

/* Begin PBXResourcesBuildPhase section */
		0CD80A581B4F220C006A6EBC /* Resources */ = {
			isa = PBXResourcesBuildPhase;
			buildActionMask = 2147483647;
			files = (
				0CD80A691B4F220C006A6EBC /* Main.storyboard in Resources */,
				0CD80A6E1B4F220C006A6EBC /* LaunchScreen.xib in Resources */,
				0CD80A6B1B4F220C006A6EBC /* Images.xcassets in Resources */,
			);
			runOnlyForDeploymentPostprocessing = 0;
		};
		0CD80A711B4F220C006A6EBC /* Resources */ = {
			isa = PBXResourcesBuildPhase;
			buildActionMask = 2147483647;
			files = (
			);
			runOnlyForDeploymentPostprocessing = 0;
		};
/* End PBXResourcesBuildPhase section */

/* Begin PBXSourcesBuildPhase section */
		0CD80A561B4F220C006A6EBC /* Sources */ = {
			isa = PBXSourcesBuildPhase;
			buildActionMask = 2147483647;
			files = (
				0CD80A661B4F220C006A6EBC /* ViewController.m in Sources */,
				0CD80A631B4F220C006A6EBC /* AppDelegate.m in Sources */,
				0CD80A601B4F220C006A6EBC /* main.m in Sources */,
			);
			runOnlyForDeploymentPostprocessing = 0;
		};
		0CD80A6F1B4F220C006A6EBC /* Sources */ = {
			isa = PBXSourcesBuildPhase;
			buildActionMask = 2147483647;
			files = (
				0CD80A7A1B4F220C006A6EBC /* SummitTests.m in Sources */,
			);
			runOnlyForDeploymentPostprocessing = 0;
		};
/* End PBXSourcesBuildPhase section */

/* Begin PBXTargetDependency section */
		0CD80A751B4F220C006A6EBC /* PBXTargetDependency */ = {
			isa = PBXTargetDependency;
			target = 0CD80A591B4F220C006A6EBC /* Summit */;
			targetProxy = 0CD80A741B4F220C006A6EBC /* PBXContainerItemProxy */;
		};
/* End PBXTargetDependency section */

/* Begin PBXVariantGroup section */
		0CD80A671B4F220C006A6EBC /* Main.storyboard */ = {
			isa = PBXVariantGroup;
			children = (
				0CD80A681B4F220C006A6EBC /* Base */,
			);
			name = Main.storyboard;
			sourceTree = "<group>";
		};
		0CD80A6C1B4F220C006A6EBC /* LaunchScreen.xib */ = {
			isa = PBXVariantGroup;
			children = (
				0CD80A6D1B4F220C006A6EBC /* Base */,
			);
			name = LaunchScreen.xib;
			sourceTree = "<group>";
		};
/* End PBXVariantGroup section */

/* Begin XCBuildConfiguration section */
		0CD80A7B1B4F220C006A6EBC /* Debug */ = {
			isa = XCBuildConfiguration;
			buildSettings = {
				ALWAYS_SEARCH_USER_PATHS = NO;
				CLANG_CXX_LANGUAGE_STANDARD = "gnu++0x";
				CLANG_CXX_LIBRARY = "libc++";
				CLANG_ENABLE_MODULES = YES;
				CLANG_ENABLE_OBJC_ARC = YES;
				CLANG_WARN_BOOL_CONVERSION = YES;
				CLANG_WARN_CONSTANT_CONVERSION = YES;
				CLANG_WARN_DIRECT_OBJC_ISA_USAGE = YES_ERROR;
				CLANG_WARN_EMPTY_BODY = YES;
				CLANG_WARN_ENUM_CONVERSION = YES;
				CLANG_WARN_INT_CONVERSION = YES;
				CLANG_WARN_OBJC_ROOT_CLASS = YES_ERROR;
				CLANG_WARN_UNREACHABLE_CODE = YES;
				CLANG_WARN__DUPLICATE_METHOD_MATCH = YES;
				"CODE_SIGN_IDENTITY[sdk=iphoneos*]" = "iPhone Developer";
				COPY_PHASE_STRIP = NO;
				DEBUG_INFORMATION_FORMAT = "dwarf-with-dsym";
				ENABLE_STRICT_OBJC_MSGSEND = YES;
				GCC_C_LANGUAGE_STANDARD = gnu99;
				GCC_DYNAMIC_NO_PIC = NO;
				GCC_NO_COMMON_BLOCKS = YES;
				GCC_OPTIMIZATION_LEVEL = 0;
				GCC_PREPROCESSOR_DEFINITIONS = (
					"DEBUG=1",
					"$(inherited)",
				);
				GCC_SYMBOLS_PRIVATE_EXTERN = NO;
				GCC_WARN_64_TO_32_BIT_CONVERSION = YES;
				GCC_WARN_ABOUT_RETURN_TYPE = YES_ERROR;
				GCC_WARN_UNDECLARED_SELECTOR = YES;
				GCC_WARN_UNINITIALIZED_AUTOS = YES_AGGRESSIVE;
				GCC_WARN_UNUSED_FUNCTION = YES;
				GCC_WARN_UNUSED_VARIABLE = YES;
				IPHONEOS_DEPLOYMENT_TARGET = 8.3;
				MTL_ENABLE_DEBUG_INFO = YES;
				ONLY_ACTIVE_ARCH = YES;
				SDKROOT = iphoneos;
				TARGETED_DEVICE_FAMILY = "1,2";
			};
			name = Debug;
		};
		0CD80A7C1B4F220C006A6EBC /* Release */ = {
			isa = XCBuildConfiguration;
			buildSettings = {
				ALWAYS_SEARCH_USER_PATHS = NO;
				CLANG_CXX_LANGUAGE_STANDARD = "gnu++0x";
				CLANG_CXX_LIBRARY = "libc++";
				CLANG_ENABLE_MODULES = YES;
				CLANG_ENABLE_OBJC_ARC = YES;
				CLANG_WARN_BOOL_CONVERSION = YES;
				CLANG_WARN_CONSTANT_CONVERSION = YES;
				CLANG_WARN_DIRECT_OBJC_ISA_USAGE = YES_ERROR;
				CLANG_WARN_EMPTY_BODY = YES;
				CLANG_WARN_ENUM_CONVERSION = YES;
				CLANG_WARN_INT_CONVERSION = YES;
				CLANG_WARN_OBJC_ROOT_CLASS = YES_ERROR;
				CLANG_WARN_UNREACHABLE_CODE = YES;
				CLANG_WARN__DUPLICATE_METHOD_MATCH = YES;
				"CODE_SIGN_IDENTITY[sdk=iphoneos*]" = "iPhone Developer";
				COPY_PHASE_STRIP = NO;
				DEBUG_INFORMATION_FORMAT = "dwarf-with-dsym";
				ENABLE_NS_ASSERTIONS = NO;
				ENABLE_STRICT_OBJC_MSGSEND = YES;
				GCC_C_LANGUAGE_STANDARD = gnu99;
				GCC_NO_COMMON_BLOCKS = YES;
				GCC_WARN_64_TO_32_BIT_CONVERSION = YES;
				GCC_WARN_ABOUT_RETURN_TYPE = YES_ERROR;
				GCC_WARN_UNDECLARED_SELECTOR = YES;
				GCC_WARN_UNINITIALIZED_AUTOS = YES_AGGRESSIVE;
				GCC_WARN_UNUSED_FUNCTION = YES;
				GCC_WARN_UNUSED_VARIABLE = YES;
				IPHONEOS_DEPLOYMENT_TARGET = 8.3;
				MTL_ENABLE_DEBUG_INFO = NO;
				SDKROOT = iphoneos;
				TARGETED_DEVICE_FAMILY = "1,2";
				VALIDATE_PRODUCT = YES;
			};
			name = Release;
		};
		0CD80A7E1B4F220C006A6EBC /* Debug */ = {
			isa = XCBuildConfiguration;
			buildSettings = {
				ASSETCATALOG_COMPILER_APPICON_NAME = AppIcon;
				INFOPLIST_FILE = Summit/Info.plist;
				LD_RUNPATH_SEARCH_PATHS = "$(inherited) @executable_path/Frameworks";
				PRODUCT_NAME = "$(TARGET_NAME)";
			};
			name = Debug;
		};
		0CD80A7F1B4F220C006A6EBC /* Release */ = {
			isa = XCBuildConfiguration;
			buildSettings = {
				ASSETCATALOG_COMPILER_APPICON_NAME = AppIcon;
				INFOPLIST_FILE = Summit/Info.plist;
				LD_RUNPATH_SEARCH_PATHS = "$(inherited) @executable_path/Frameworks";
				PRODUCT_NAME = "$(TARGET_NAME)";
			};
			name = Release;
		};
		0CD80A811B4F220C006A6EBC /* Debug */ = {
			isa = XCBuildConfiguration;
			buildSettings = {
				BUNDLE_LOADER = "$(TEST_HOST)";
				FRAMEWORK_SEARCH_PATHS = (
					"$(SDKROOT)/Developer/Library/Frameworks",
					"$(inherited)",
				);
				GCC_PREPROCESSOR_DEFINITIONS = (
					"DEBUG=1",
					"$(inherited)",
				);
				INFOPLIST_FILE = SummitTests/Info.plist;
				LD_RUNPATH_SEARCH_PATHS = "$(inherited) @executable_path/Frameworks @loader_path/Frameworks";
				PRODUCT_NAME = "$(TARGET_NAME)";
				TEST_HOST = "$(BUILT_PRODUCTS_DIR)/Summit.app/Summit";
			};
			name = Debug;
		};
		0CD80A821B4F220C006A6EBC /* Release */ = {
			isa = XCBuildConfiguration;
			buildSettings = {
				BUNDLE_LOADER = "$(TEST_HOST)";
				FRAMEWORK_SEARCH_PATHS = (
					"$(SDKROOT)/Developer/Library/Frameworks",
					"$(inherited)",
				);
				INFOPLIST_FILE = SummitTests/Info.plist;
				LD_RUNPATH_SEARCH_PATHS = "$(inherited) @executable_path/Frameworks @loader_path/Frameworks";
				PRODUCT_NAME = "$(TARGET_NAME)";
				TEST_HOST = "$(BUILT_PRODUCTS_DIR)/Summit.app/Summit";
			};
			name = Release;
		};
/* End XCBuildConfiguration section */

/* Begin XCConfigurationList section */
		0CD80A551B4F220C006A6EBC /* Build configuration list for PBXProject "Summit" */ = {
			isa = XCConfigurationList;
			buildConfigurations = (
				0CD80A7B1B4F220C006A6EBC /* Debug */,
				0CD80A7C1B4F220C006A6EBC /* Release */,
			);
			defaultConfigurationIsVisible = 0;
			defaultConfigurationName = Release;
		};
		0CD80A7D1B4F220C006A6EBC /* Build configuration list for PBXNativeTarget "Summit" */ = {
			isa = XCConfigurationList;
			buildConfigurations = (
				0CD80A7E1B4F220C006A6EBC /* Debug */,
				0CD80A7F1B4F220C006A6EBC /* Release */,
			);
			defaultConfigurationIsVisible = 0;
		};
		0CD80A801B4F220C006A6EBC /* Build configuration list for PBXNativeTarget "SummitTests" */ = {
			isa = XCConfigurationList;
			buildConfigurations = (
				0CD80A811B4F220C006A6EBC /* Debug */,
				0CD80A821B4F220C006A6EBC /* Release */,
			);
			defaultConfigurationIsVisible = 0;
		};
/* End XCConfigurationList section */
	};
	rootObject = 0CD80A521B4F220C006A6EBC /* Project object */;
}
